// !$*UTF8*$!
{
	archiveVersion = 1;
	classes = {
	};
	objectVersion = 46;
	objects = {

/* Begin PBXBuildFile section */
		CF7D2BE71D6B353A001EF125 /* main.m in Sources */ = {isa = PBXBuildFile; fileRef = CF7D2BE61D6B353A001EF125 /* main.m */; };
		CF7D2BEA1D6B353A001EF125 /* AppDelegate.m in Sources */ = {isa = PBXBuildFile; fileRef = CF7D2BE91D6B353A001EF125 /* AppDelegate.m */; };
		CF7D2BED1D6B353A001EF125 /* ViewController.m in Sources */ = {isa = PBXBuildFile; fileRef = CF7D2BEC1D6B353A001EF125 /* ViewController.m */; };
		CF7D2BF01D6B353A001EF125 /* Main.storyboard in Resources */ = {isa = PBXBuildFile; fileRef = CF7D2BEE1D6B353A001EF125 /* Main.storyboard */; };
		CF7D2BF21D6B353A001EF125 /* Assets.xcassets in Resources */ = {isa = PBXBuildFile; fileRef = CF7D2BF11D6B353A001EF125 /* Assets.xcassets */; };
		CF7D2BF51D6B353A001EF125 /* LaunchScreen.storyboard in Resources */ = {isa = PBXBuildFile; fileRef = CF7D2BF31D6B353A001EF125 /* LaunchScreen.storyboard */; };
/* End PBXBuildFile section */

/* Begin PBXFileReference section */
		CF7D2BE21D6B353A001EF125 /* gcdDemo.app */ = {isa = PBXFileReference; explicitFileType = wrapper.application; includeInIndex = 0; path = gcdDemo.app; sourceTree = BUILT_PRODUCTS_DIR; };
		CF7D2BE61D6B353A001EF125 /* main.m */ = {isa = PBXFileReference; lastKnownFileType = sourcecode.c.objc; path = main.m; sourceTree = "<group>"; };
		CF7D2BE81D6B353A001EF125 /* AppDelegate.h */ = {isa = PBXFileReference; lastKnownFileType = sourcecode.c.h; path = AppDelegate.h; sourceTree = "<group>"; };
		CF7D2BE91D6B353A001EF125 /* AppDelegate.m */ = {isa = PBXFileReference; lastKnownFileType = sourcecode.c.objc; path = AppDelegate.m; sourceTree = "<group>"; };
		CF7D2BEB1D6B353A001EF125 /* ViewController.h */ = {isa = PBXFileReference; lastKnownFileType = sourcecode.c.h; path = ViewController.h; sourceTree = "<group>"; };
		CF7D2BEC1D6B353A001EF125 /* ViewController.m */ = {isa = PBXFileReference; lastKnownFileType = sourcecode.c.objc; path = ViewController.m; sourceTree = "<group>"; };
		CF7D2BEF1D6B353A001EF125 /* Base */ = {isa = PBXFileReference; lastKnownFileType = file.storyboard; name = Base; path = Base.lproj/Main.storyboard; sourceTree = "<group>"; };
		CF7D2BF11D6B353A001EF125 /* Assets.xcassets */ = {isa = PBXFileReference; lastKnownFileType = folder.assetcatalog; path = Assets.xcassets; sourceTree = "<group>"; };
		CF7D2BF41D6B353A001EF125 /* Base */ = {isa = PBXFileReference; lastKnownFileType = file.storyboard; name = Base; path = Base.lproj/LaunchScreen.storyboard; sourceTree = "<group>"; };
		CF7D2BF61D6B353A001EF125 /* Info.plist */ = {isa = PBXFileReference; lastKnownFileType = text.plist.xml; path = Info.plist; sourceTree = "<group>"; };
/* End PBXFileReference section */

/* Begin PBXFrameworksBuildPhase section */
		CF7D2BDF1D6B353A001EF125 /* Frameworks */ = {
			isa = PBXFrameworksBuildPhase;
			buildActionMask = 2147483647;
			files = (
			);
			runOnlyForDeploymentPostprocessing = 0;
		};
/* End PBXFrameworksBuildPhase section */

/* Begin PBXGroup section */
		CF7D2BD91D6B353A001EF125 = {
			isa = PBXGroup;
			children = (
				CF7D2BE41D6B353A001EF125 /* gcdDemo */,
				CF7D2BE31D6B353A001EF125 /* Products */,
			);
			sourceTree = "<group>";
		};
		CF7D2BE31D6B353A001EF125 /* Products */ = {
			isa = PBXGroup;
			children = (
				CF7D2BE21D6B353A001EF125 /* gcdDemo.app */,
			);
			name = Products;
			sourceTree = "<group>";
		};
		CF7D2BE41D6B353A001EF125 /* gcdDemo */ = {
			isa = PBXGroup;
			children = (
				CF7D2BE81D6B353A001EF125 /* AppDelegate.h */,
				CF7D2BE91D6B353A001EF125 /* AppDelegate.m */,
				CF7D2BEB1D6B353A001EF125 /* ViewController.h */,
				CF7D2BEC1D6B353A001EF125 /* ViewController.m */,
				CF7D2BEE1D6B353A001EF125 /* Main.storyboard */,
				CF7D2BF11D6B353A001EF125 /* Assets.xcassets */,
				CF7D2BF31D6B353A001EF125 /* LaunchScreen.storyboard */,
				CF7D2BF61D6B353A001EF125 /* Info.plist */,
				CF7D2BE51D6B353A001EF125 /* Supporting Files */,
			);
			path = gcdDemo;
			sourceTree = "<group>";
		};
		CF7D2BE51D6B353A001EF125 /* Supporting Files */ = {
			isa = PBXGroup;
			children = (
				CF7D2BE61D6B353A001EF125 /* main.m */,
			);
			name = "Supporting Files";
			sourceTree = "<group>";
		};
/* End PBXGroup section */

/* Begin PBXNativeTarget section */
		CF7D2BE11D6B353A001EF125 /* gcdDemo */ = {
			isa = PBXNativeTarget;
			buildConfigurationList = CF7D2BF91D6B353A001EF125 /* Build configuration list for PBXNativeTarget "gcdDemo" */;
			buildPhases = (
				CF7D2BDE1D6B353A001EF125 /* Sources */,
				CF7D2BDF1D6B353A001EF125 /* Frameworks */,
				CF7D2BE01D6B353A001EF125 /* Resources */,
			);
			buildRules = (
			);
			dependencies = (
			);
			name = gcdDemo;
			productName = gcdDemo;
			productReference = CF7D2BE21D6B353A001EF125 /* gcdDemo.app */;
			productType = "com.apple.product-type.application";
		};
/* End PBXNativeTarget section */

/* Begin PBXProject section */
		CF7D2BDA1D6B353A001EF125 /* Project object */ = {
			isa = PBXProject;
			attributes = {
				LastUpgradeCheck = 0730;
				ORGANIZATIONNAME = "刘东";
				TargetAttributes = {
					CF7D2BE11D6B353A001EF125 = {
						CreatedOnToolsVersion = 7.3.1;
					};
				};
			};
			buildConfigurationList = CF7D2BDD1D6B353A001EF125 /* Build configuration list for PBXProject "gcdDemo" */;
			compatibilityVersion = "Xcode 3.2";
			developmentRegion = English;
			hasScannedForEncodings = 0;
			knownRegions = (
				en,
				Base,
			);
			mainGroup = CF7D2BD91D6B353A001EF125;
			productRefGroup = CF7D2BE31D6B353A001EF125 /* Products */;
			projectDirPath = "";
			projectRoot = "";
			targets = (
				CF7D2BE11D6B353A001EF125 /* gcdDemo */,
			);
		};
/* End PBXProject section */

/* Begin PBXResourcesBuildPhase section */
		CF7D2BE01D6B353A001EF125 /* Resources */ = {
			isa = PBXResourcesBuildPhase;
			buildActionMask = 2147483647;
			files = (
				CF7D2BF51D6B353A001EF125 /* LaunchScreen.storyboard in Resources */,
				CF7D2BF21D6B353A001EF125 /* Assets.xcassets in Resources */,
				CF7D2BF01D6B353A001EF125 /* Main.storyboard in Resources */,
			);
			runOnlyForDeploymentPostprocessing = 0;
		};
/* End PBXResourcesBuildPhase section */

/* Begin PBXSourcesBuildPhase section */
		CF7D2BDE1D6B353A001EF125 /* Sources */ = {
			isa = PBXSourcesBuildPhase;
			buildActionMask = 2147483647;
			files = (
				CF7D2BED1D6B353A001EF125 /* ViewController.m in Sources */,
				CF7D2BEA1D6B353A001EF125 /* AppDelegate.m in Sources */,
				CF7D2BE71D6B353A001EF125 /* main.m in Sources */,
			);
			runOnlyForDeploymentPostprocessing = 0;
		};
/* End PBXSourcesBuildPhase section */

/* Begin PBXVariantGroup section */
		CF7D2BEE1D6B353A001EF125 /* Main.storyboard */ = {
			isa = PBXVariantGroup;
			children = (
				CF7D2BEF1D6B353A001EF125 /* Base */,
			);
			name = Main.storyboard;
			sourceTree = "<group>";
		};
		CF7D2BF31D6B353A001EF125 /* LaunchScreen.storyboard */ = {
			isa = PBXVariantGroup;
			children = (
				CF7D2BF41D6B353A001EF125 /* Base */,
			);
			name = LaunchScreen.storyboard;
			sourceTree = "<group>";
		};
/* End PBXVariantGroup section */

/* Begin XCBuildConfiguration section */
		CF7D2BF71D6B353A001EF125 /* Debug */ = {
			isa = XCBuildConfiguration;
			buildSettings = {
				ALWAYS_SEARCH_USER_PATHS = NO;
				CLANG_ANALYZER_NONNULL = YES;
				CLANG_CXX_LANGUAGE_STANDARD = "gnu++0x";
				CLANG_CXX_LIBRARY = "libc++";
				CLANG_ENABLE_MODULES = YES;
				CLANG_ENABLE_OBJC_ARC = YES;
				CLANG_WARN_BOOL_CONVERSION = YES;
				CLANG_WARN_CONSTANT_CONVERSION = YES;
				CLANG_WARN_DIRECT_OBJC_ISA_USAGE = YES_ERROR;
				CLANG_WARN_EMPTY_BODY = YES;
				CLANG_WARN_ENUM_CONVERSION = YES;
				CLANG_WARN_INT_CONVERSION = YES;
				CLANG_WARN_OBJC_ROOT_CLASS = YES_ERROR;
				CLANG_WARN_UNREACHABLE_CODE = YES;
				CLANG_WARN__DUPLICATE_METHOD_MATCH = YES;
				"CODE_SIGN_IDENTITY[sdk=iphoneos*]" = "iPhone Developer";
				COPY_PHASE_STRIP = NO;
				DEBUG_INFORMATION_FORMAT = dwarf;
				ENABLE_STRICT_OBJC_MSGSEND = YES;
				ENABLE_TESTABILITY = YES;
				GCC_C_LANGUAGE_STANDARD = gnu99;
				GCC_DYNAMIC_NO_PIC = NO;
				GCC_NO_COMMON_BLOCKS = YES;
				GCC_OPTIMIZATION_LEVEL = 0;
				GCC_PREPROCESSOR_DEFINITIONS = (
					"DEBUG=1",
					"$(inherited)",
				);
				GCC_WARN_64_TO_32_BIT_CONVERSION = YES;
				GCC_WARN_ABOUT_RETURN_TYPE = YES_ERROR;
				GCC_WARN_UNDECLARED_SELECTOR = YES;
				GCC_WARN_UNINITIALIZED_AUTOS = YES_AGGRESSIVE;
				GCC_WARN_UNUSED_FUNCTION = YES;
				GCC_WARN_UNUSED_VARIABLE = YES;
				IPHONEOS_DEPLOYMENT_TARGET = 9.3;
				MTL_ENABLE_DEBUG_INFO = YES;
				ONLY_ACTIVE_ARCH = YES;
				SDKROOT = iphoneos;
			};
			name = Debug;
		};
		CF7D2BF81D6B353A001EF125 /* Release */ = {
			isa = XCBuildConfiguration;
			buildSettings = {
				ALWAYS_SEARCH_USER_PATHS = NO;
				CLANG_ANALYZER_NONNULL = YES;
				CLANG_CXX_LANGUAGE_STANDARD = "gnu++0x";
				CLANG_CXX_LIBRARY = "libc++";
				CLANG_ENABLE_MODULES = YES;
				CLANG_ENABLE_OBJC_ARC = YES;
				CLANG_WARN_BOOL_CONVERSION = YES;
				CLANG_WARN_CONSTANT_CONVERSION = YES;
				CLANG_WARN_DIRECT_OBJC_ISA_USAGE = YES_ERROR;
				CLANG_WARN_EMPTY_BODY = YES;
				CLANG_WARN_ENUM_CONVERSION = YES;
				CLANG_WARN_INT_CONVERSION = YES;
				CLANG_WARN_OBJC_ROOT_CLASS = YES_ERROR;
				CLANG_WARN_UNREACHABLE_CODE = YES;
				CLANG_WARN__DUPLICATE_METHOD_MATCH = YES;
				"CODE_SIGN_IDENTITY[sdk=iphoneos*]" = "iPhone Developer";
				COPY_PHASE_STRIP = NO;
				DEBUG_INFORMATION_FORMAT = "dwarf-with-dsym";
				ENABLE_NS_ASSERTIONS = NO;
				ENABLE_STRICT_OBJC_MSGSEND = YES;
				GCC_C_LANGUAGE_STANDARD = gnu99;
				GCC_NO_COMMON_BLOCKS = YES;
				GCC_WARN_64_TO_32_BIT_CONVERSION = YES;
				GCC_WARN_ABOUT_RETURN_TYPE = YES_ERROR;
				GCC_WARN_UNDECLARED_SELECTOR = YES;
				GCC_WARN_UNINITIALIZED_AUTOS = YES_AGGRESSIVE;
				GCC_WARN_UNUSED_FUNCTION = YES;
				GCC_WARN_UNUSED_VARIABLE = YES;
				IPHONEOS_DEPLOYMENT_TARGET = 9.3;
				MTL_ENABLE_DEBUG_INFO = NO;
				SDKROOT = iphoneos;
				VALIDATE_PRODUCT = YES;
			};
			name = Release;
		};
		CF7D2BFA1D6B353A001EF125 /* Debug */ = {
			isa = XCBuildConfiguration;
			buildSettings = {
				ASSETCATALOG_COMPILER_APPICON_NAME = AppIcon;
				INFOPLIST_FILE = gcdDemo/Info.plist;
				IPHONEOS_DEPLOYMENT_TARGET = 9.0;
				LD_RUNPATH_SEARCH_PATHS = "$(inherited) @executable_path/Frameworks";
				PRODUCT_BUNDLE_IDENTIFIER = com.xinrong.gcdDemo;
				PRODUCT_NAME = "$(TARGET_NAME)";
			};
			name = Debug;
		};
		CF7D2BFB1D6B353A001EF125 /* Release */ = {
			isa = XCBuildConfiguration;
			buildSettings = {
				ASSETCATALOG_COMPILER_APPICON_NAME = AppIcon;
				INFOPLIST_FILE = gcdDemo/Info.plist;
				IPHONEOS_DEPLOYMENT_TARGET = 9.0;
				LD_RUNPATH_SEARCH_PATHS = "$(inherited) @executable_path/Frameworks";
				PRODUCT_BUNDLE_IDENTIFIER = com.xinrong.gcdDemo;
				PRODUCT_NAME = "$(TARGET_NAME)";
			};
			name = Release;
		};
/* End XCBuildConfiguration section */

/* Begin XCConfigurationList section */
		CF7D2BDD1D6B353A001EF125 /* Build configuration list for PBXProject "gcdDemo" */ = {
			isa = XCConfigurationList;
			buildConfigurations = (
				CF7D2BF71D6B353A001EF125 /* Debug */,
				CF7D2BF81D6B353A001EF125 /* Release */,
			);
			defaultConfigurationIsVisible = 0;
			defaultConfigurationName = Release;
		};
		CF7D2BF91D6B353A001EF125 /* Build configuration list for PBXNativeTarget "gcdDemo" */ = {
			isa = XCConfigurationList;
			buildConfigurations = (
				CF7D2BFA1D6B353A001EF125 /* Debug */,
				CF7D2BFB1D6B353A001EF125 /* Release */,
			);
			defaultConfigurationIsVisible = 0;
		};
/* End XCConfigurationList section */
	};
	rootObject = CF7D2BDA1D6B353A001EF125 /* Project object */;
}
